
Microsoft Visual Studio Solution File, Format Version 12.00
# Visual Studio Version 17
VisualStudioVersion = 17.8.34511.84
MinimumVisualStudioVersion = 10.0.40219.1
Project("{FAE04EC0-301F-11D3-BF4B-00C04F79EFBC}") = "PlateMaker", "PlateMaker\PlateMaker.csproj", "{BDF3FF26-6039-403E-B97C-91FE6A8CFC1F}"
EndProject
Global
	GlobalSection(SolutionConfigurationPlatforms) = preSolution
		Debug|Any CPU = Debug|Any CPU
		Release|Any CPU = Release|Any CPU
	EndGlobalSection
	GlobalSection(ProjectConfigurationPlatforms) = postSolution
		{BDF3FF26-6039-403E-B97C-91FE6A8CFC1F}.Debug|Any CPU.ActiveCfg = Debug|Any CPU
		{BDF3FF26-6039-403E-B97C-91FE6A8CFC1F}.Debug|Any CPU.Build.0 = Debug|Any CPU
		{BDF3FF26-6039-403E-B97C-91FE6A8CFC1F}.Release|Any CPU.ActiveCfg = Release|Any CPU
		{BDF3FF26-6039-403E-B97C-91FE6A8CFC1F}.Release|Any CPU.Build.0 = Release|Any CPU
	EndGlobalSection
	GlobalSection(SolutionProperties) = preSolution
		HideSolutionNode = FALSE
	EndGlobalSection
	GlobalSection(ExtensibilityGlobals) = postSolution
		SolutionGuid = {1CBF36F9-F2D4-4F1D-BDF9-CC71C19C40CB}
	EndGlobalSection
EndGlobal
